// !$*UTF8*$!
{
	archiveVersion = 1;
	classes = {
	};
	objectVersion = 56;
	objects = {

/* Begin PBXBuildFile section */
		63F4840F2C1CEF05006B55C4 /* TCASharedStateApp.swift in Sources */ = {isa = PBXBuildFile; fileRef = 63F4840E2C1CEF05006B55C4 /* TCASharedStateApp.swift */; };
		63F484112C1CEF05006B55C4 /* ContentView.swift in Sources */ = {isa = PBXBuildFile; fileRef = 63F484102C1CEF05006B55C4 /* ContentView.swift */; };
		63F484132C1CEF06006B55C4 /* Assets.xcassets in Resources */ = {isa = PBXBuildFile; fileRef = 63F484122C1CEF06006B55C4 /* Assets.xcassets */; };
		63F484162C1CEF06006B55C4 /* Preview Assets.xcassets in Resources */ = {isa = PBXBuildFile; fileRef = 63F484152C1CEF06006B55C4 /* Preview Assets.xcassets */; };
		63F4841E2C1CEF32006B55C4 /* ComposableArchitecture in Frameworks */ = {isa = PBXBuildFile; productRef = 63F4841D2C1CEF32006B55C4 /* ComposableArchitecture */; };
		63F484272C1CF92A006B55C4 /* TCASharedStateTests.swift in Sources */ = {isa = PBXBuildFile; fileRef = 63F484262C1CF92A006B55C4 /* TCASharedStateTests.swift */; };
/* End PBXBuildFile section */

/* Begin PBXContainerItemProxy section */
		63F484282C1CF92A006B55C4 /* PBXContainerItemProxy */ = {
			isa = PBXContainerItemProxy;
			containerPortal = 63F484032C1CEF05006B55C4 /* Project object */;
			proxyType = 1;
			remoteGlobalIDString = 63F4840A2C1CEF05006B55C4;
			remoteInfo = TCASharedState;
		};
/* End PBXContainerItemProxy section */

/* Begin PBXFileReference section */
		63F4840B2C1CEF05006B55C4 /* TCASharedState.app */ = {isa = PBXFileReference; explicitFileType = wrapper.application; includeInIndex = 0; path = TCASharedState.app; sourceTree = BUILT_PRODUCTS_DIR; };
		63F4840E2C1CEF05006B55C4 /* TCASharedStateApp.swift */ = {isa = PBXFileReference; lastKnownFileType = sourcecode.swift; path = TCASharedStateApp.swift; sourceTree = "<group>"; };
		63F484102C1CEF05006B55C4 /* ContentView.swift */ = {isa = PBXFileReference; lastKnownFileType = sourcecode.swift; path = ContentView.swift; sourceTree = "<group>"; };
		63F484122C1CEF06006B55C4 /* Assets.xcassets */ = {isa = PBXFileReference; lastKnownFileType = folder.assetcatalog; path = Assets.xcassets; sourceTree = "<group>"; };
		63F484152C1CEF06006B55C4 /* Preview Assets.xcassets */ = {isa = PBXFileReference; lastKnownFileType = folder.assetcatalog; path = "Preview Assets.xcassets"; sourceTree = "<group>"; };
		63F4841F2C1CF044006B55C4 /* TCASharedState.entitlements */ = {isa = PBXFileReference; lastKnownFileType = text.plist.entitlements; path = TCASharedState.entitlements; sourceTree = "<group>"; };
		63F484242C1CF92A006B55C4 /* TCASharedStateTests.xctest */ = {isa = PBXFileReference; explicitFileType = wrapper.cfbundle; includeInIndex = 0; path = TCASharedStateTests.xctest; sourceTree = BUILT_PRODUCTS_DIR; };
		63F484262C1CF92A006B55C4 /* TCASharedStateTests.swift */ = {isa = PBXFileReference; lastKnownFileType = sourcecode.swift; path = TCASharedStateTests.swift; sourceTree = "<group>"; };
/* End PBXFileReference section */

/* Begin PBXFrameworksBuildPhase section */
		63F484082C1CEF05006B55C4 /* Frameworks */ = {
			isa = PBXFrameworksBuildPhase;
			buildActionMask = 2147483647;
			files = (
				63F4841E2C1CEF32006B55C4 /* ComposableArchitecture in Frameworks */,
			);
			runOnlyForDeploymentPostprocessing = 0;
		};
		63F484212C1CF92A006B55C4 /* Frameworks */ = {
			isa = PBXFrameworksBuildPhase;
			buildActionMask = 2147483647;
			files = (
			);
			runOnlyForDeploymentPostprocessing = 0;
		};
/* End PBXFrameworksBuildPhase section */

/* Begin PBXGroup section */
		63F484022C1CEF05006B55C4 = {
			isa = PBXGroup;
			children = (
				63F4840D2C1CEF05006B55C4 /* TCASharedState */,
				63F484252C1CF92A006B55C4 /* TCASharedStateTests */,
				63F4840C2C1CEF05006B55C4 /* Products */,
			);
			sourceTree = "<group>";
		};
		63F4840C2C1CEF05006B55C4 /* Products */ = {
			isa = PBXGroup;
			children = (
				63F4840B2C1CEF05006B55C4 /* TCASharedState.app */,
				63F484242C1CF92A006B55C4 /* TCASharedStateTests.xctest */,
			);
			name = Products;
			sourceTree = "<group>";
		};
		63F4840D2C1CEF05006B55C4 /* TCASharedState */ = {
			isa = PBXGroup;
			children = (
				63F4841F2C1CF044006B55C4 /* TCASharedState.entitlements */,
				63F4840E2C1CEF05006B55C4 /* TCASharedStateApp.swift */,
				63F484102C1CEF05006B55C4 /* ContentView.swift */,
				63F484122C1CEF06006B55C4 /* Assets.xcassets */,
				63F484142C1CEF06006B55C4 /* Preview Content */,
			);
			path = TCASharedState;
			sourceTree = "<group>";
		};
		63F484142C1CEF06006B55C4 /* Preview Content */ = {
			isa = PBXGroup;
			children = (
				63F484152C1CEF06006B55C4 /* Preview Assets.xcassets */,
			);
			path = "Preview Content";
			sourceTree = "<group>";
		};
		63F484252C1CF92A006B55C4 /* TCASharedStateTests */ = {
			isa = PBXGroup;
			children = (
				63F484262C1CF92A006B55C4 /* TCASharedStateTests.swift */,
			);
			path = TCASharedStateTests;
			sourceTree = "<group>";
		};
/* End PBXGroup section */

/* Begin PBXNativeTarget section */
		63F4840A2C1CEF05006B55C4 /* TCASharedState */ = {
			isa = PBXNativeTarget;
			buildConfigurationList = 63F484192C1CEF06006B55C4 /* Build configuration list for PBXNativeTarget "TCASharedState" */;
			buildPhases = (
				63F484072C1CEF05006B55C4 /* Sources */,
				63F484082C1CEF05006B55C4 /* Frameworks */,
				63F484092C1CEF05006B55C4 /* Resources */,
			);
			buildRules = (
			);
			dependencies = (
			);
			name = TCASharedState;
			packageProductDependencies = (
				63F4841D2C1CEF32006B55C4 /* ComposableArchitecture */,
			);
			productName = TCASharedState;
			productReference = 63F4840B2C1CEF05006B55C4 /* TCASharedState.app */;
			productType = "com.apple.product-type.application";
		};
		63F484232C1CF92A006B55C4 /* TCASharedStateTests */ = {
			isa = PBXNativeTarget;
			buildConfigurationList = 63F4842A2C1CF92A006B55C4 /* Build configuration list for PBXNativeTarget "TCASharedStateTests" */;
			buildPhases = (
				63F484202C1CF92A006B55C4 /* Sources */,
				63F484212C1CF92A006B55C4 /* Frameworks */,
				63F484222C1CF92A006B55C4 /* Resources */,
			);
			buildRules = (
			);
			dependencies = (
				63F484292C1CF92A006B55C4 /* PBXTargetDependency */,
			);
			name = TCASharedStateTests;
			productName = TCASharedStateTests;
			productReference = 63F484242C1CF92A006B55C4 /* TCASharedStateTests.xctest */;
			productType = "com.apple.product-type.bundle.unit-test";
		};
/* End PBXNativeTarget section */

/* Begin PBXProject section */
		63F484032C1CEF05006B55C4 /* Project object */ = {
			isa = PBXProject;
			attributes = {
				BuildIndependentTargetsInParallel = 1;
				LastSwiftUpdateCheck = 1540;
				LastUpgradeCheck = 1540;
				TargetAttributes = {
					63F4840A2C1CEF05006B55C4 = {
						CreatedOnToolsVersion = 15.4;
					};
					63F484232C1CF92A006B55C4 = {
						CreatedOnToolsVersion = 15.4;
						TestTargetID = 63F4840A2C1CEF05006B55C4;
					};
				};
			};
			buildConfigurationList = 63F484062C1CEF05006B55C4 /* Build configuration list for PBXProject "TCASharedState" */;
			compatibilityVersion = "Xcode 14.0";
			developmentRegion = en;
			hasScannedForEncodings = 0;
			knownRegions = (
				en,
				Base,
			);
			mainGroup = 63F484022C1CEF05006B55C4;
			packageReferences = (
				63F4841C2C1CEF32006B55C4 /* XCRemoteSwiftPackageReference "swift-composable-architecture" */,
			);
			productRefGroup = 63F4840C2C1CEF05006B55C4 /* Products */;
			projectDirPath = "";
			projectRoot = "";
			targets = (
				63F4840A2C1CEF05006B55C4 /* TCASharedState */,
				63F484232C1CF92A006B55C4 /* TCASharedStateTests */,
			);
		};
/* End PBXProject section */

/* Begin PBXResourcesBuildPhase section */
		63F484092C1CEF05006B55C4 /* Resources */ = {
			isa = PBXResourcesBuildPhase;
			buildActionMask = 2147483647;
			files = (
				63F484162C1CEF06006B55C4 /* Preview Assets.xcassets in Resources */,
				63F484132C1CEF06006B55C4 /* Assets.xcassets in Resources */,
			);
			runOnlyForDeploymentPostprocessing = 0;
		};
		63F484222C1CF92A006B55C4 /* Resources */ = {
			isa = PBXResourcesBuildPhase;
			buildActionMask = 2147483647;
			files = (
			);
			runOnlyForDeploymentPostprocessing = 0;
		};
/* End PBXResourcesBuildPhase section */

/* Begin PBXSourcesBuildPhase section */
		63F484072C1CEF05006B55C4 /* Sources */ = {
			isa = PBXSourcesBuildPhase;
			buildActionMask = 2147483647;
			files = (
				63F484112C1CEF05006B55C4 /* ContentView.swift in Sources */,
				63F4840F2C1CEF05006B55C4 /* TCASharedStateApp.swift in Sources */,
			);
			runOnlyForDeploymentPostprocessing = 0;
		};
		63F484202C1CF92A006B55C4 /* Sources */ = {
			isa = PBXSourcesBuildPhase;
			buildActionMask = 2147483647;
			files = (
				63F484272C1CF92A006B55C4 /* TCASharedStateTests.swift in Sources */,
			);
			runOnlyForDeploymentPostprocessing = 0;
		};
/* End PBXSourcesBuildPhase section */

/* Begin PBXTargetDependency section */
		63F484292C1CF92A006B55C4 /* PBXTargetDependency */ = {
			isa = PBXTargetDependency;
			target = 63F4840A2C1CEF05006B55C4 /* TCASharedState */;
			targetProxy = 63F484282C1CF92A006B55C4 /* PBXContainerItemProxy */;
		};
/* End PBXTargetDependency section */

/* Begin XCBuildConfiguration section */
		63F484172C1CEF06006B55C4 /* Debug */ = {
			isa = XCBuildConfiguration;
			buildSettings = {
				ALWAYS_SEARCH_USER_PATHS = NO;
				ASSETCATALOG_COMPILER_GENERATE_SWIFT_ASSET_SYMBOL_EXTENSIONS = YES;
				CLANG_ANALYZER_NONNULL = YES;
				CLANG_ANALYZER_NUMBER_OBJECT_CONVERSION = YES_AGGRESSIVE;
				CLANG_CXX_LANGUAGE_STANDARD = "gnu++20";
				CLANG_ENABLE_MODULES = YES;
				CLANG_ENABLE_OBJC_ARC = YES;
				CLANG_ENABLE_OBJC_WEAK = YES;
				CLANG_WARN_BLOCK_CAPTURE_AUTORELEASING = YES;
				CLANG_WARN_BOOL_CONVERSION = YES;
				CLANG_WARN_COMMA = YES;
				CLANG_WARN_CONSTANT_CONVERSION = YES;
				CLANG_WARN_DEPRECATED_OBJC_IMPLEMENTATIONS = YES;
				CLANG_WARN_DIRECT_OBJC_ISA_USAGE = YES_ERROR;
				CLANG_WARN_DOCUMENTATION_COMMENTS = YES;
				CLANG_WARN_EMPTY_BODY = YES;
				CLANG_WARN_ENUM_CONVERSION = YES;
				CLANG_WARN_INFINITE_RECURSION = YES;
				CLANG_WARN_INT_CONVERSION = YES;
				CLANG_WARN_NON_LITERAL_NULL_CONVERSION = YES;
				CLANG_WARN_OBJC_IMPLICIT_RETAIN_SELF = YES;
				CLANG_WARN_OBJC_LITERAL_CONVERSION = YES;
				CLANG_WARN_OBJC_ROOT_CLASS = YES_ERROR;
				CLANG_WARN_QUOTED_INCLUDE_IN_FRAMEWORK_HEADER = YES;
				CLANG_WARN_RANGE_LOOP_ANALYSIS = YES;
				CLANG_WARN_STRICT_PROTOTYPES = YES;
				CLANG_WARN_SUSPICIOUS_MOVE = YES;
				CLANG_WARN_UNGUARDED_AVAILABILITY = YES_AGGRESSIVE;
				CLANG_WARN_UNREACHABLE_CODE = YES;
				CLANG_WARN__DUPLICATE_METHOD_MATCH = YES;
				COPY_PHASE_STRIP = NO;
				DEBUG_INFORMATION_FORMAT = dwarf;
				ENABLE_STRICT_OBJC_MSGSEND = YES;
				ENABLE_TESTABILITY = YES;
				ENABLE_USER_SCRIPT_SANDBOXING = YES;
				GCC_C_LANGUAGE_STANDARD = gnu17;
				GCC_DYNAMIC_NO_PIC = NO;
				GCC_NO_COMMON_BLOCKS = YES;
				GCC_OPTIMIZATION_LEVEL = 0;
				GCC_PREPROCESSOR_DEFINITIONS = (
					"DEBUG=1",
					"$(inherited)",
				);
				GCC_WARN_64_TO_32_BIT_CONVERSION = YES;
				GCC_WARN_ABOUT_RETURN_TYPE = YES_ERROR;
				GCC_WARN_UNDECLARED_SELECTOR = YES;
				GCC_WARN_UNINITIALIZED_AUTOS = YES_AGGRESSIVE;
				GCC_WARN_UNUSED_FUNCTION = YES;
				GCC_WARN_UNUSED_VARIABLE = YES;
				IPHONEOS_DEPLOYMENT_TARGET = 17.5;
				LOCALIZATION_PREFERS_STRING_CATALOGS = YES;
				MTL_ENABLE_DEBUG_INFO = INCLUDE_SOURCE;
				MTL_FAST_MATH = YES;
				ONLY_ACTIVE_ARCH = YES;
				SDKROOT = iphoneos;
				SWIFT_ACTIVE_COMPILATION_CONDITIONS = "DEBUG $(inherited)";
				SWIFT_OPTIMIZATION_LEVEL = "-Onone";
			};
			name = Debug;
		};
		63F484182C1CEF06006B55C4 /* Release */ = {
			isa = XCBuildConfiguration;
			buildSettings = {
				ALWAYS_SEARCH_USER_PATHS = NO;
				ASSETCATALOG_COMPILER_GENERATE_SWIFT_ASSET_SYMBOL_EXTENSIONS = YES;
				CLANG_ANALYZER_NONNULL = YES;
				CLANG_ANALYZER_NUMBER_OBJECT_CONVERSION = YES_AGGRESSIVE;
				CLANG_CXX_LANGUAGE_STANDARD = "gnu++20";
				CLANG_ENABLE_MODULES = YES;
				CLANG_ENABLE_OBJC_ARC = YES;
				CLANG_ENABLE_OBJC_WEAK = YES;
				CLANG_WARN_BLOCK_CAPTURE_AUTORELEASING = YES;
				CLANG_WARN_BOOL_CONVERSION = YES;
				CLANG_WARN_COMMA = YES;
				CLANG_WARN_CONSTANT_CONVERSION = YES;
				CLANG_WARN_DEPRECATED_OBJC_IMPLEMENTATIONS = YES;
				CLANG_WARN_DIRECT_OBJC_ISA_USAGE = YES_ERROR;
				CLANG_WARN_DOCUMENTATION_COMMENTS = YES;
				CLANG_WARN_EMPTY_BODY = YES;
				CLANG_WARN_ENUM_CONVERSION = YES;
				CLANG_WARN_INFINITE_RECURSION = YES;
				CLANG_WARN_INT_CONVERSION = YES;
				CLANG_WARN_NON_LITERAL_NULL_CONVERSION = YES;
				CLANG_WARN_OBJC_IMPLICIT_RETAIN_SELF = YES;
				CLANG_WARN_OBJC_LITERAL_CONVERSION = YES;
				CLANG_WARN_OBJC_ROOT_CLASS = YES_ERROR;
				CLANG_WARN_QUOTED_INCLUDE_IN_FRAMEWORK_HEADER = YES;
				CLANG_WARN_RANGE_LOOP_ANALYSIS = YES;
				CLANG_WARN_STRICT_PROTOTYPES = YES;
				CLANG_WARN_SUSPICIOUS_MOVE = YES;
				CLANG_WARN_UNGUARDED_AVAILABILITY = YES_AGGRESSIVE;
				CLANG_WARN_UNREACHABLE_CODE = YES;
				CLANG_WARN__DUPLICATE_METHOD_MATCH = YES;
				COPY_PHASE_STRIP = NO;
				DEBUG_INFORMATION_FORMAT = "dwarf-with-dsym";
				ENABLE_NS_ASSERTIONS = NO;
				ENABLE_STRICT_OBJC_MSGSEND = YES;
				ENABLE_USER_SCRIPT_SANDBOXING = YES;
				GCC_C_LANGUAGE_STANDARD = gnu17;
				GCC_NO_COMMON_BLOCKS = YES;
				GCC_WARN_64_TO_32_BIT_CONVERSION = YES;
				GCC_WARN_ABOUT_RETURN_TYPE = YES_ERROR;
				GCC_WARN_UNDECLARED_SELECTOR = YES;
				GCC_WARN_UNINITIALIZED_AUTOS = YES_AGGRESSIVE;
				GCC_WARN_UNUSED_FUNCTION = YES;
				GCC_WARN_UNUSED_VARIABLE = YES;
				IPHONEOS_DEPLOYMENT_TARGET = 17.5;
				LOCALIZATION_PREFERS_STRING_CATALOGS = YES;
				MTL_ENABLE_DEBUG_INFO = NO;
				MTL_FAST_MATH = YES;
				SDKROOT = iphoneos;
				SWIFT_COMPILATION_MODE = wholemodule;
				VALIDATE_PRODUCT = YES;
			};
			name = Release;
		};
		63F4841A2C1CEF06006B55C4 /* Debug */ = {
			isa = XCBuildConfiguration;
			buildSettings = {
				ASSETCATALOG_COMPILER_APPICON_NAME = AppIcon;
				ASSETCATALOG_COMPILER_GLOBAL_ACCENT_COLOR_NAME = AccentColor;
				CODE_SIGN_ENTITLEMENTS = TCASharedState/TCASharedState.entitlements;
				CODE_SIGN_STYLE = Automatic;
				CURRENT_PROJECT_VERSION = 1;
				DEVELOPMENT_ASSET_PATHS = "\"TCASharedState/Preview Content\"";
				DEVELOPMENT_TEAM = QLUUJVNCEC;
				ENABLE_PREVIEWS = YES;
				GENERATE_INFOPLIST_FILE = YES;
				INFOPLIST_KEY_UIApplicationSceneManifest_Generation = YES;
				INFOPLIST_KEY_UIApplicationSupportsIndirectInputEvents = YES;
				INFOPLIST_KEY_UILaunchScreen_Generation = YES;
				INFOPLIST_KEY_UISupportedInterfaceOrientations_iPad = "UIInterfaceOrientationPortrait UIInterfaceOrientationPortraitUpsideDown UIInterfaceOrientationLandscapeLeft UIInterfaceOrientationLandscapeRight";
				INFOPLIST_KEY_UISupportedInterfaceOrientations_iPhone = "UIInterfaceOrientationPortrait UIInterfaceOrientationLandscapeLeft UIInterfaceOrientationLandscapeRight";
				LD_RUNPATH_SEARCH_PATHS = (
					"$(inherited)",
					"@executable_path/Frameworks",
				);
				MARKETING_VERSION = 1.0;
				PRODUCT_BUNDLE_IDENTIFIER = com.humblehacker.TCASharedState;
				PRODUCT_NAME = "$(TARGET_NAME)";
				SUPPORTED_PLATFORMS = "iphoneos iphonesimulator macosx";
				SUPPORTS_MACCATALYST = YES;
				SWIFT_EMIT_LOC_STRINGS = YES;
				SWIFT_VERSION = 5.0;
				TARGETED_DEVICE_FAMILY = "1,2";
			};
			name = Debug;
		};
		63F4841B2C1CEF06006B55C4 /* Release */ = {
			isa = XCBuildConfiguration;
			buildSettings = {
				ASSETCATALOG_COMPILER_APPICON_NAME = AppIcon;
				ASSETCATALOG_COMPILER_GLOBAL_ACCENT_COLOR_NAME = AccentColor;
				CODE_SIGN_ENTITLEMENTS = TCASharedState/TCASharedState.entitlements;
				CODE_SIGN_STYLE = Automatic;
				CURRENT_PROJECT_VERSION = 1;
				DEVELOPMENT_ASSET_PATHS = "\"TCASharedState/Preview Content\"";
				DEVELOPMENT_TEAM = QLUUJVNCEC;
				ENABLE_PREVIEWS = YES;
				GENERATE_INFOPLIST_FILE = YES;
				INFOPLIST_KEY_UIApplicationSceneManifest_Generation = YES;
				INFOPLIST_KEY_UIApplicationSupportsIndirectInputEvents = YES;
				INFOPLIST_KEY_UILaunchScreen_Generation = YES;
				INFOPLIST_KEY_UISupportedInterfaceOrientations_iPad = "UIInterfaceOrientationPortrait UIInterfaceOrientationPortraitUpsideDown UIInterfaceOrientationLandscapeLeft UIInterfaceOrientationLandscapeRight";
				INFOPLIST_KEY_UISupportedInterfaceOrientations_iPhone = "UIInterfaceOrientationPortrait UIInterfaceOrientationLandscapeLeft UIInterfaceOrientationLandscapeRight";
				LD_RUNPATH_SEARCH_PATHS = (
					"$(inherited)",
					"@executable_path/Frameworks",
				);
				MARKETING_VERSION = 1.0;
				PRODUCT_BUNDLE_IDENTIFIER = com.humblehacker.TCASharedState;
				PRODUCT_NAME = "$(TARGET_NAME)";
				SUPPORTED_PLATFORMS = "iphoneos iphonesimulator macosx";
				SUPPORTS_MACCATALYST = YES;
				SWIFT_EMIT_LOC_STRINGS = YES;
				SWIFT_VERSION = 5.0;
				TARGETED_DEVICE_FAMILY = "1,2";
			};
			name = Release;
		};
		63F4842B2C1CF92A006B55C4 /* Debug */ = {
			isa = XCBuildConfiguration;
			buildSettings = {
				BUNDLE_LOADER = "$(TEST_HOST)";
				CODE_SIGN_STYLE = Automatic;
				CURRENT_PROJECT_VERSION = 1;
				DEVELOPMENT_TEAM = QLUUJVNCEC;
				GENERATE_INFOPLIST_FILE = YES;
				MACOSX_DEPLOYMENT_TARGET = 14.5;
				MARKETING_VERSION = 1.0;
				PRODUCT_BUNDLE_IDENTIFIER = com.humblehacker.TCASharedStateTests;
				PRODUCT_NAME = "$(TARGET_NAME)";
				SDKROOT = macosx;
				SWIFT_EMIT_LOC_STRINGS = NO;
				SWIFT_VERSION = 5.0;
				TEST_HOST = "$(BUILT_PRODUCTS_DIR)/TCASharedState.app/$(BUNDLE_EXECUTABLE_FOLDER_PATH)/TCASharedState";
			};
			name = Debug;
		};
		63F4842C2C1CF92A006B55C4 /* Release */ = {
			isa = XCBuildConfiguration;
			buildSettings = {
				BUNDLE_LOADER = "$(TEST_HOST)";
				CODE_SIGN_STYLE = Automatic;
				CURRENT_PROJECT_VERSION = 1;
				DEVELOPMENT_TEAM = QLUUJVNCEC;
				GENERATE_INFOPLIST_FILE = YES;
				MACOSX_DEPLOYMENT_TARGET = 14.5;
				MARKETING_VERSION = 1.0;
				PRODUCT_BUNDLE_IDENTIFIER = com.humblehacker.TCASharedStateTests;
				PRODUCT_NAME = "$(TARGET_NAME)";
				SDKROOT = macosx;
				SWIFT_EMIT_LOC_STRINGS = NO;
				SWIFT_VERSION = 5.0;
				TEST_HOST = "$(BUILT_PRODUCTS_DIR)/TCASharedState.app/$(BUNDLE_EXECUTABLE_FOLDER_PATH)/TCASharedState";
			};
			name = Release;
		};
/* End XCBuildConfiguration section */

/* Begin XCConfigurationList section */
		63F484062C1CEF05006B55C4 /* Build configuration list for PBXProject "TCASharedState" */ = {
			isa = XCConfigurationList;
			buildConfigurations = (
				63F484172C1CEF06006B55C4 /* Debug */,
				63F484182C1CEF06006B55C4 /* Release */,
			);
			defaultConfigurationIsVisible = 0;
			defaultConfigurationName = Release;
		};
		63F484192C1CEF06006B55C4 /* Build configuration list for PBXNativeTarget "TCASharedState" */ = {
			isa = XCConfigurationList;
			buildConfigurations = (
				63F4841A2C1CEF06006B55C4 /* Debug */,
				63F4841B2C1CEF06006B55C4 /* Release */,
			);
			defaultConfigurationIsVisible = 0;
			defaultConfigurationName = Release;
		};
		63F4842A2C1CF92A006B55C4 /* Build configuration list for PBXNativeTarget "TCASharedStateTests" */ = {
			isa = XCConfigurationList;
			buildConfigurations = (
				63F4842B2C1CF92A006B55C4 /* Debug */,
				63F4842C2C1CF92A006B55C4 /* Release */,
			);
			defaultConfigurationIsVisible = 0;
			defaultConfigurationName = Release;
		};
/* End XCConfigurationList section */

/* Begin XCRemoteSwiftPackageReference section */
		63F4841C2C1CEF32006B55C4 /* XCRemoteSwiftPackageReference "swift-composable-architecture" */ = {
			isa = XCRemoteSwiftPackageReference;
			repositoryURL = "https://github.com/pointfreeco/swift-composable-architecture";
			requirement = {
				kind = upToNextMajorVersion;
				minimumVersion = 1.11.1;
			};
		};
/* End XCRemoteSwiftPackageReference section */

/* Begin XCSwiftPackageProductDependency section */
		63F4841D2C1CEF32006B55C4 /* ComposableArchitecture */ = {
			isa = XCSwiftPackageProductDependency;
			package = 63F4841C2C1CEF32006B55C4 /* XCRemoteSwiftPackageReference "swift-composable-architecture" */;
			productName = ComposableArchitecture;
		};
/* End XCSwiftPackageProductDependency section */
	};
	rootObject = 63F484032C1CEF05006B55C4 /* Project object */;
}
